
Microsoft Visual Studio Solution File, Format Version 12.00
# Visual Studio Version 17
VisualStudioVersion = 17.2.32519.379
MinimumVisualStudioVersion = 10.0.40219.1
Project("{FAE04EC0-301F-11D3-BF4B-00C04F79EFBC}") = "MOS_6502", "MOS_6502\MOS_6502.csproj", "{EBFDD234-5800-4C25-8766-F086C212AE32}"
EndProject
Global
	GlobalSection(SolutionConfigurationPlatforms) = preSolution
		Debug|Any CPU = Debug|Any CPU
		Release|Any CPU = Release|Any CPU
	EndGlobalSection
	GlobalSection(ProjectConfigurationPlatforms) = postSolution
		{EBFDD234-5800-4C25-8766-F086C212AE32}.Debug|Any CPU.ActiveCfg = Debug|Any CPU
		{EBFDD234-5800-4C25-8766-F086C212AE32}.Debug|Any CPU.Build.0 = Debug|Any CPU
		{EBFDD234-5800-4C25-8766-F086C212AE32}.Release|Any CPU.ActiveCfg = Release|Any CPU
		{EBFDD234-5800-4C25-8766-F086C212AE32}.Release|Any CPU.Build.0 = Release|Any CPU
	EndGlobalSection
	GlobalSection(SolutionProperties) = preSolution
		HideSolutionNode = FALSE
	EndGlobalSection
	GlobalSection(ExtensibilityGlobals) = postSolution
		SolutionGuid = {D03915C3-9341-47F2-98D8-CA3DB3ACAC8C}
	EndGlobalSection
EndGlobal
